
Microsoft Visual Studio Solution File, Format Version 12.00
Project("{FAE04EC0-301F-11D3-BF4B-00C04F79EFBC}") = "WeatherApp", "WeatherApp\WeatherApp.csproj", "{6B0771A2-289D-4C94-B8A8-830BA38D837E}"
EndProject
Project("{FAE04EC0-301F-11D3-BF4B-00C04F79EFBC}") = "WeatherApp.Api", "WeatherApp.Api\WeatherApp.Api.csproj", "{1A528EBF-C00D-4694-9EBE-9390DAE78FA9}"
EndProject
Project("{FAE04EC0-301F-11D3-BF4B-00C04F79EFBC}") = "ImageGalary.Authorization", "ImageGalary.Authorization\ImageGalary.Authorization.csproj", "{D9DD6B8B-F3B9-46E3-BF82-F90064F586CC}"
EndProject
Global
	GlobalSection(SolutionConfigurationPlatforms) = preSolution
		Debug|Any CPU = Debug|Any CPU
		Release|Any CPU = Release|Any CPU
	EndGlobalSection
	GlobalSection(ProjectConfigurationPlatforms) = postSolution
		{6B0771A2-289D-4C94-B8A8-830BA38D837E}.Debug|Any CPU.ActiveCfg = Debug|Any CPU
		{6B0771A2-289D-4C94-B8A8-830BA38D837E}.Debug|Any CPU.Build.0 = Debug|Any CPU
		{6B0771A2-289D-4C94-B8A8-830BA38D837E}.Release|Any CPU.ActiveCfg = Release|Any CPU
		{6B0771A2-289D-4C94-B8A8-830BA38D837E}.Release|Any CPU.Build.0 = Release|Any CPU
		{1A528EBF-C00D-4694-9EBE-9390DAE78FA9}.Debug|Any CPU.ActiveCfg = Debug|Any CPU
		{1A528EBF-C00D-4694-9EBE-9390DAE78FA9}.Debug|Any CPU.Build.0 = Debug|Any CPU
		{1A528EBF-C00D-4694-9EBE-9390DAE78FA9}.Release|Any CPU.ActiveCfg = Release|Any CPU
		{1A528EBF-C00D-4694-9EBE-9390DAE78FA9}.Release|Any CPU.Build.0 = Release|Any CPU
		{D9DD6B8B-F3B9-46E3-BF82-F90064F586CC}.Debug|Any CPU.ActiveCfg = Debug|Any CPU
		{D9DD6B8B-F3B9-46E3-BF82-F90064F586CC}.Debug|Any CPU.Build.0 = Debug|Any CPU
		{D9DD6B8B-F3B9-46E3-BF82-F90064F586CC}.Release|Any CPU.ActiveCfg = Release|Any CPU
		{D9DD6B8B-F3B9-46E3-BF82-F90064F586CC}.Release|Any CPU.Build.0 = Release|Any CPU
	EndGlobalSection
EndGlobal
